lockfileVersion: '9.0'

settings:
  autoInstallPeers: true
  excludeLinksFromLockfile: false

importers:

  .:
    dependencies:
      '@hono/trpc-server':
        specifier: ^0.4.2
        version: 0.4.2(@trpc/server@11.10.0(typescript@5.9.3))(hono@4.12.3)
      '@trpc/server':
        specifier: ^11.10.0
        version: 11.10.0(typescript@5.9.3)
      ai:
        specifier: ^6.0.105
        version: 6.0.105(zod@4.3.6)
      browser-use-sdk:
        specifier: ^3.1.0
        version: 3.1.0
      hono:
        specifier: ^4.12.3
        version: 4.12.3
      zod:
        specifier: ^4.3.6
        version: 4.3.6
    devDependencies:
      '@types/node':
        specifier: ^24.11.0
        version: 24.11.0
      typescript:
        specifier: ^5.9.3
        version: 5.9.3

packages:

  '@ai-sdk/gateway@3.0.59':
    resolution: {integrity: sha512-MbtheWHgEFV/8HL1Z6E3hOAsmP73zZlNFg0F0nJAD0Adnjp4J/plqNK00Y896d+dWTw+r0OXzyov9/2wCFjH0Q==}
    engines: {node: '>=18'}
    peerDependencies:
      zod: ^3.25.76 || ^4.1.8

  '@ai-sdk/provider-utils@4.0.16':
    resolution: {integrity: sha512-kBvDqNkt5EwlzF9FujmNhhtl8FYg3e8FO8P5uneKliqfRThWemzBj+wfYr7ZCymAQhTRnwSSz1/SOqhOAwmx9g==}
    engines: {node: '>=18'}
    peerDependencies:
      zod: ^3.25.76 || ^4.1.8

  '@ai-sdk/provider@3.0.8':
    resolution: {integrity: sha512-oGMAgGoQdBXbZqNG0Ze56CHjDZ1IDYOwGYxYjO5KLSlz5HiNQ9udIXsPZ61VWaHGZ5XW/jyjmr6t2xz2jGVwbQ==}
    engines: {node: '>=18'}

  '@hono/trpc-server@0.4.2':
    resolution: {integrity: sha512-3TDrc42CZLgcTFkXQba+y7JlRWRiyw1AqhLqztWyNS2IFT+3bHld0lxKdGBttCtGKHYx0505dM67RMazjhdZqw==}
    engines: {node: '>=16.0.0'}
    peerDependencies:
      '@trpc/server': ^10.10.0 || >11.0.0-rc
      hono: '>=4.0.0'

  '@opentelemetry/api@1.9.0':
    resolution: {integrity: sha512-3giAOQvZiH5F9bMlMiv8+GSPMeqg0dbaeo58/0SlA9sxSqZhnUtxzX9/2FzyhS9sWQf5S0GJE0AKBrFqjpeYcg==}
    engines: {node: '>=8.0.0'}

  '@standard-schema/spec@1.1.0':
    resolution: {integrity: sha512-l2aFy5jALhniG5HgqrD6jXLi/rUWrKvqN/qJx6yoJsgKhblVd+iqqU4RCXavm/jPityDo5TCvKMnpjKnOriy0w==}

  '@trpc/server@11.10.0':
    resolution: {integrity: sha512-zZjTrR6He61e5TiT7e/bQqab/jRcXBZM8Fg78Yoo8uh5pz60dzzbYuONNUCOkafv5ppXVMms4NHYfNZgzw50vg==}
    peerDependencies:
      typescript: '>=5.7.2'

  '@types/node@24.11.0':
    resolution: {integrity: sha512-fPxQqz4VTgPI/IQ+lj9r0h+fDR66bzoeMGHp8ASee+32OSGIkeASsoZuJixsQoVef1QJbeubcPBxKk22QVoWdw==}

  '@vercel/oidc@3.1.0':
    resolution: {integrity: sha512-Fw28YZpRnA3cAHHDlkt7xQHiJ0fcL+NRcIqsocZQUSmbzeIKRpwttJjik5ZGanXP+vlA4SbTg+AbA3bP363l+w==}
    engines: {node: '>= 20'}

  ai@6.0.105:
    resolution: {integrity: sha512-rp+exWtZS3J0DDvZIfetpKCIg7D3cCsvBPoFN3I67IDTs9aoBZDbpecoIkmNLT+U9RBkoEial3OGHRvme23HCw==}
    engines: {node: '>=18'}
    peerDependencies:
      zod: ^3.25.76 || ^4.1.8

  browser-use-sdk@3.1.0:
    resolution: {integrity: sha512-MtQ24UAQHdKhxIJUC5MWOmedYPZzSrotUu/OeK35CDoVT2n+6S3WDhv782ug/9moZUlYiFadTHHX+Y0C4UnzaQ==}

  dotenv@17.3.1:
    resolution: {integrity: sha512-IO8C/dzEb6O3F9/twg6ZLXz164a2fhTnEWb95H23Dm4OuN+92NmEAlTrupP9VW6Jm3sO26tQlqyvyi4CsnY9GA==}
    engines: {node: '>=12'}

  eventsource-parser@3.0.6:
    resolution: {integrity: sha512-Vo1ab+QXPzZ4tCa8SwIHJFaSzy4R6SHf7BY79rFBDf0idraZWAkYrDjDj8uWaSm3S2TK+hJ7/t1CEmZ7jXw+pg==}
    engines: {node: '>=18.0.0'}

  hono@4.12.3:
    resolution: {integrity: sha512-SFsVSjp8sj5UumXOOFlkZOG6XS9SJDKw0TbwFeV+AJ8xlST8kxK5Z/5EYa111UY8732lK2S/xB653ceuaoGwpg==}
    engines: {node: '>=16.9.0'}

  json-schema@0.4.0:
    resolution: {integrity: sha512-es94M3nTIfsEPisRafak+HDLfHXnKBhV3vU5eqPcS3flIWqcxJWgXHXiey3YrpaNsanY5ei1VoYEbOzijuq9BA==}

  typescript@5.9.3:
    resolution: {integrity: sha512-jl1vZzPDinLr9eUt3J/t7V6FgNEw9QjvBPdysz9KfQDD41fQrC2Y4vKQdiaUpFT4bXlb1RHhLpp8wtm6M5TgSw==}
    engines: {node: '>=14.17'}
    hasBin: true

  undici-types@7.16.0:
    resolution: {integrity: sha512-Zz+aZWSj8LE6zoxD+xrjh4VfkIG8Ya6LvYkZqtUQGJPZjYl53ypCaUwWqo7eI0x66KBGeRo+mlBEkMSeSZ38Nw==}

  zod@4.3.6:
    resolution: {integrity: sha512-rftlrkhHZOcjDwkGlnUtZZkvaPHCsDATp4pGpuOOMDaTdDDXF91wuVDJoWoPsKX/3YPQ5fHuF3STjcYyKr+Qhg==}

snapshots:

  '@ai-sdk/gateway@3.0.59(zod@4.3.6)':
    dependencies:
      '@ai-sdk/provider': 3.0.8
      '@ai-sdk/provider-utils': 4.0.16(zod@4.3.6)
      '@vercel/oidc': 3.1.0
      zod: 4.3.6

  '@ai-sdk/provider-utils@4.0.16(zod@4.3.6)':
    dependencies:
      '@ai-sdk/provider': 3.0.8
      '@standard-schema/spec': 1.1.0
      eventsource-parser: 3.0.6
      zod: 4.3.6

  '@ai-sdk/provider@3.0.8':
    dependencies:
      json-schema: 0.4.0

  '@hono/trpc-server@0.4.2(@trpc/server@11.10.0(typescript@5.9.3))(hono@4.12.3)':
    dependencies:
      '@trpc/server': 11.10.0(typescript@5.9.3)
      hono: 4.12.3

  '@opentelemetry/api@1.9.0': {}

  '@standard-schema/spec@1.1.0': {}

  '@trpc/server@11.10.0(typescript@5.9.3)':
    dependencies:
      typescript: 5.9.3

  '@types/node@24.11.0':
    dependencies:
      undici-types: 7.16.0

  '@vercel/oidc@3.1.0': {}

  ai@6.0.105(zod@4.3.6):
    dependencies:
      '@ai-sdk/gateway': 3.0.59(zod@4.3.6)
      '@ai-sdk/provider': 3.0.8
      '@ai-sdk/provider-utils': 4.0.16(zod@4.3.6)
      '@opentelemetry/api': 1.9.0
      zod: 4.3.6

  browser-use-sdk@3.1.0:
    dependencies:
      dotenv: 17.3.1
      zod: 4.3.6

  dotenv@17.3.1: {}

  eventsource-parser@3.0.6: {}

  hono@4.12.3: {}

  json-schema@0.4.0: {}

  typescript@5.9.3: {}

  undici-types@7.16.0: {}

  zod@4.3.6: {}
